name: Fix Target Lock

on:
  workflow_call:
    inputs:
      source-ref:
        description: Exact source commit for the release pipeline
        type: string
        default: ""
  workflow_dispatch:
  push:
    branches: [main]
    tags: ['fix-target-lock/v*']
    paths:
      - 'fix-target-lock/**'
      - 'shared/**'
      - '.github/workflows/build-fix-target-lock.yml'
      - '.github/workflows/_build-mod.yml'
  pull_request:
    branches: [main]
    paths:
      - 'fix-target-lock/**'
      - 'shared/**'
      - '.github/workflows/build-fix-target-lock.yml'
      - '.github/workflows/_build-mod.yml'

permissions:
  contents: write

concurrency:
  group: build-fix-target-lock-${{ github.workflow }}-${{ github.ref }}-${{ inputs.source-ref }}
  cancel-in-progress: ${{ github.ref_type != 'tag' && inputs.source-ref == '' }}

jobs:
  build:
    uses: ./.github/workflows/_build-mod.yml
    with:
      source-ref: ${{ inputs.source-ref }}
      project: fix-target-lock
      module: fix-target-lock
      title: Fix Target Lock

